// !$*UTF8*$!
{
	archiveVersion = 1;
	classes = {
	};
	objectVersion = 51;
	objects = {

/* Begin PBXBuildFile section */
		D5E030FB7F97C7977FCAA51F /* Pods_Nect.framework in Frameworks */ = {isa = PBXBuildFile; fileRef = 055A775CD3C0279179A17924 /* Pods_Nect.framework */; };
		E000E6F224D32E4A00FF197D /* ChatViewController.m in Sources */ = {isa = PBXBuildFile; fileRef = E000E6F124D32E4A00FF197D /* ChatViewController.m */; };
		E000E6F924D32EFC00FF197D /* CreateChatViewController.m in Sources */ = {isa = PBXBuildFile; fileRef = E000E6F824D32EFC00FF197D /* CreateChatViewController.m */; };
		E000E6FE24D338B800FF197D /* ChatCell.m in Sources */ = {isa = PBXBuildFile; fileRef = E000E6FD24D338B800FF197D /* ChatCell.m */; };
		E000E70124D338C800FF197D /* StartChatCell.m in Sources */ = {isa = PBXBuildFile; fileRef = E000E70024D338C800FF197D /* StartChatCell.m */; };
		E000E70424D3423100FF197D /* DetailedChatViewController.m in Sources */ = {isa = PBXBuildFile; fileRef = E000E70324D3423100FF197D /* DetailedChatViewController.m */; };
		E000E70724D348D500FF197D /* MessageCell.m in Sources */ = {isa = PBXBuildFile; fileRef = E000E70624D348D500FF197D /* MessageCell.m */; };
		E000E70D24D3773000FF197D /* Message.m in Sources */ = {isa = PBXBuildFile; fileRef = E000E70C24D3773000FF197D /* Message.m */; };
		E000E71024D4C65200FF197D /* Workaround.swift in Sources */ = {isa = PBXBuildFile; fileRef = E000E70F24D4C65200FF197D /* Workaround.swift */; };
		E000E71324D4D78E00FF197D /* UIImage+animatedGIF.m in Sources */ = {isa = PBXBuildFile; fileRef = E000E71224D4D78E00FF197D /* UIImage+animatedGIF.m */; };
		E021D7FA24C60CF900A5AF0A /* UserProfileViewController.m in Sources */ = {isa = PBXBuildFile; fileRef = E021D7F924C60CF900A5AF0A /* UserProfileViewController.m */; };
		E021D7FD24C656BC00A5AF0A /* RequestsViewController.m in Sources */ = {isa = PBXBuildFile; fileRef = E021D7FC24C656BC00A5AF0A /* RequestsViewController.m */; };
		E021D80024C6570D00A5AF0A /* RequestCell.m in Sources */ = {isa = PBXBuildFile; fileRef = E021D7FF24C6570D00A5AF0A /* RequestCell.m */; };
		E02A58FC24C10CFD00A28D2A /* ProfileGameCell.m in Sources */ = {isa = PBXBuildFile; fileRef = E02A58FB24C10CFD00A28D2A /* ProfileGameCell.m */; };
		E04F9D0E24BE55DE0062BB85 /* SearchGamesViewController.m in Sources */ = {isa = PBXBuildFile; fileRef = E04F9D0D24BE55DE0062BB85 /* SearchGamesViewController.m */; };
		E04F9D1324BE5C110062BB85 /* GameCell.m in Sources */ = {isa = PBXBuildFile; fileRef = E04F9D1224BE5C110062BB85 /* GameCell.m */; };
		E04F9D1724BF57510062BB85 /* User.m in Sources */ = {isa = PBXBuildFile; fileRef = E04F9D1624BF57510062BB85 /* User.m */; };
		E04F9D1A24BF57630062BB85 /* Game.m in Sources */ = {isa = PBXBuildFile; fileRef = E04F9D1924BF57630062BB85 /* Game.m */; };
		E0516E1824BCDE870096A5E9 /* AppDelegate.m in Sources */ = {isa = PBXBuildFile; fileRef = E0516E1724BCDE870096A5E9 /* AppDelegate.m */; };
		E0516E1B24BCDE870096A5E9 /* SceneDelegate.m in Sources */ = {isa = PBXBuildFile; fileRef = E0516E1A24BCDE870096A5E9 /* SceneDelegate.m */; };
		E0516E2124BCDE870096A5E9 /* Main.storyboard in Resources */ = {isa = PBXBuildFile; fileRef = E0516E1F24BCDE870096A5E9 /* Main.storyboard */; };
		E0516E2324BCDE880096A5E9 /* Assets.xcassets in Resources */ = {isa = PBXBuildFile; fileRef = E0516E2224BCDE880096A5E9 /* Assets.xcassets */; };
		E0516E2624BCDE880096A5E9 /* LaunchScreen.storyboard in Resources */ = {isa = PBXBuildFile; fileRef = E0516E2424BCDE880096A5E9 /* LaunchScreen.storyboard */; };
		E0516E2924BCDE880096A5E9 /* main.m in Sources */ = {isa = PBXBuildFile; fileRef = E0516E2824BCDE880096A5E9 /* main.m */; };
		E0516E3324BCF1AD0096A5E9 /* LoginViewController.m in Sources */ = {isa = PBXBuildFile; fileRef = E0516E3224BCF1AD0096A5E9 /* LoginViewController.m */; };
		E0516E3624BCFDB20096A5E9 /* ProfileViewController.m in Sources */ = {isa = PBXBuildFile; fileRef = E0516E3524BCFDB20096A5E9 /* ProfileViewController.m */; };
		E0516E3924BCFDBF0096A5E9 /* NectViewController.m in Sources */ = {isa = PBXBuildFile; fileRef = E0516E3824BCFDBF0096A5E9 /* NectViewController.m */; };
		E0549EB224C0A90A00CF51B6 /* DetailsGameViewController.m in Sources */ = {isa = PBXBuildFile; fileRef = E0549EB124C0A90A00CF51B6 /* DetailsGameViewController.m */; };
		E099A88D24BD059200F83109 /* EditViewController.m in Sources */ = {isa = PBXBuildFile; fileRef = E099A88C24BD059200F83109 /* EditViewController.m */; };
		E0C3928F24C778610030F047 /* FriendsViewController.m in Sources */ = {isa = PBXBuildFile; fileRef = E0C3928E24C778610030F047 /* FriendsViewController.m */; };
		E0C3929224C7788C0030F047 /* FriendCell.m in Sources */ = {isa = PBXBuildFile; fileRef = E0C3929124C7788C0030F047 /* FriendCell.m */; };
		E0C3929524CA3D390030F047 /* FilterViewController.m in Sources */ = {isa = PBXBuildFile; fileRef = E0C3929424CA3D390030F047 /* FilterViewController.m */; };
/* End PBXBuildFile section */

/* Begin PBXFileReference section */
		055A775CD3C0279179A17924 /* Pods_Nect.framework */ = {isa = PBXFileReference; explicitFileType = wrapper.framework; includeInIndex = 0; path = Pods_Nect.framework; sourceTree = BUILT_PRODUCTS_DIR; };
		A070F33033446B17EB3AEA93 /* Pods-Nect.debug.xcconfig */ = {isa = PBXFileReference; includeInIndex = 1; lastKnownFileType = text.xcconfig; name = "Pods-Nect.debug.xcconfig"; path = "Target Support Files/Pods-Nect/Pods-Nect.debug.xcconfig"; sourceTree = "<group>"; };
		A241D3CE207203B32E1BCC71 /* Pods-Nect.release.xcconfig */ = {isa = PBXFileReference; includeInIndex = 1; lastKnownFileType = text.xcconfig; name = "Pods-Nect.release.xcconfig"; path = "Target Support Files/Pods-Nect/Pods-Nect.release.xcconfig"; sourceTree = "<group>"; };
		E000E6F024D32E4A00FF197D /* ChatViewController.h */ = {isa = PBXFileReference; lastKnownFileType = sourcecode.c.h; path = ChatViewController.h; sourceTree = "<group>"; };
		E000E6F124D32E4A00FF197D /* ChatViewController.m */ = {isa = PBXFileReference; lastKnownFileType = sourcecode.c.objc; path = ChatViewController.m; sourceTree = "<group>"; };
		E000E6F724D32EFC00FF197D /* CreateChatViewController.h */ = {isa = PBXFileReference; lastKnownFileType = sourcecode.c.h; path = CreateChatViewController.h; sourceTree = "<group>"; };
		E000E6F824D32EFC00FF197D /* CreateChatViewController.m */ = {isa = PBXFileReference; lastKnownFileType = sourcecode.c.objc; path = CreateChatViewController.m; sourceTree = "<group>"; };
		E000E6FC24D338B800FF197D /* ChatCell.h */ = {isa = PBXFileReference; lastKnownFileType = sourcecode.c.h; path = ChatCell.h; sourceTree = "<group>"; };
		E000E6FD24D338B800FF197D /* ChatCell.m */ = {isa = PBXFileReference; lastKnownFileType = sourcecode.c.objc; path = ChatCell.m; sourceTree = "<group>"; };
		E000E6FF24D338C800FF197D /* StartChatCell.h */ = {isa = PBXFileReference; lastKnownFileType = sourcecode.c.h; path = StartChatCell.h; sourceTree = "<group>"; };
		E000E70024D338C800FF197D /* StartChatCell.m */ = {isa = PBXFileReference; lastKnownFileType = sourcecode.c.objc; path = StartChatCell.m; sourceTree = "<group>"; };
		E000E70224D3423100FF197D /* DetailedChatViewController.h */ = {isa = PBXFileReference; lastKnownFileType = sourcecode.c.h; path = DetailedChatViewController.h; sourceTree = "<group>"; };
		E000E70324D3423100FF197D /* DetailedChatViewController.m */ = {isa = PBXFileReference; lastKnownFileType = sourcecode.c.objc; path = DetailedChatViewController.m; sourceTree = "<group>"; };
		E000E70524D348D500FF197D /* MessageCell.h */ = {isa = PBXFileReference; lastKnownFileType = sourcecode.c.h; path = MessageCell.h; sourceTree = "<group>"; };
		E000E70624D348D500FF197D /* MessageCell.m */ = {isa = PBXFileReference; lastKnownFileType = sourcecode.c.objc; path = MessageCell.m; sourceTree = "<group>"; };
		E000E70B24D3773000FF197D /* Message.h */ = {isa = PBXFileReference; lastKnownFileType = sourcecode.c.h; path = Message.h; sourceTree = "<group>"; };
		E000E70C24D3773000FF197D /* Message.m */ = {isa = PBXFileReference; lastKnownFileType = sourcecode.c.objc; path = Message.m; sourceTree = "<group>"; };
		E000E70E24D4C65200FF197D /* Nect-Bridging-Header.h */ = {isa = PBXFileReference; lastKnownFileType = sourcecode.c.h; path = "Nect-Bridging-Header.h"; sourceTree = "<group>"; };
		E000E70F24D4C65200FF197D /* Workaround.swift */ = {isa = PBXFileReference; lastKnownFileType = sourcecode.swift; path = Workaround.swift; sourceTree = "<group>"; };
		E000E71124D4D78E00FF197D /* UIImage+animatedGIF.h */ = {isa = PBXFileReference; lastKnownFileType = sourcecode.c.h; path = "UIImage+animatedGIF.h"; sourceTree = "<group>"; };
		E000E71224D4D78E00FF197D /* UIImage+animatedGIF.m */ = {isa = PBXFileReference; lastKnownFileType = sourcecode.c.objc; path = "UIImage+animatedGIF.m"; sourceTree = "<group>"; };
		E021D7F824C60CF900A5AF0A /* UserProfileViewController.h */ = {isa = PBXFileReference; lastKnownFileType = sourcecode.c.h; path = UserProfileViewController.h; sourceTree = "<group>"; };
		E021D7F924C60CF900A5AF0A /* UserProfileViewController.m */ = {isa = PBXFileReference; lastKnownFileType = sourcecode.c.objc; path = UserProfileViewController.m; sourceTree = "<group>"; };
		E021D7FB24C656BC00A5AF0A /* RequestsViewController.h */ = {isa = PBXFileReference; lastKnownFileType = sourcecode.c.h; path = RequestsViewController.h; sourceTree = "<group>"; };
		E021D7FC24C656BC00A5AF0A /* RequestsViewController.m */ = {isa = PBXFileReference; lastKnownFileType = sourcecode.c.objc; path = RequestsViewController.m; sourceTree = "<group>"; };
		E021D7FE24C6570D00A5AF0A /* RequestCell.h */ = {isa = PBXFileReference; lastKnownFileType = sourcecode.c.h; path = RequestCell.h; sourceTree = "<group>"; };
		E021D7FF24C6570D00A5AF0A /* RequestCell.m */ = {isa = PBXFileReference; lastKnownFileType = sourcecode.c.objc; path = RequestCell.m; sourceTree = "<group>"; };
		E02A58FA24C10CFD00A28D2A /* ProfileGameCell.h */ = {isa = PBXFileReference; lastKnownFileType = sourcecode.c.h; path = ProfileGameCell.h; sourceTree = "<group>"; };
		E02A58FB24C10CFD00A28D2A /* ProfileGameCell.m */ = {isa = PBXFileReference; lastKnownFileType = sourcecode.c.objc; path = ProfileGameCell.m; sourceTree = "<group>"; };
		E04E2BD024D2013D00936637 /* Applozic.framework */ = {isa = PBXFileReference; explicitFileType = wrapper.framework; path = Applozic.framework; sourceTree = BUILT_PRODUCTS_DIR; };
		E04F9D0C24BE55DE0062BB85 /* SearchGamesViewController.h */ = {isa = PBXFileReference; lastKnownFileType = sourcecode.c.h; path = SearchGamesViewController.h; sourceTree = "<group>"; };
		E04F9D0D24BE55DE0062BB85 /* SearchGamesViewController.m */ = {isa = PBXFileReference; lastKnownFileType = sourcecode.c.objc; path = SearchGamesViewController.m; sourceTree = "<group>"; };
		E04F9D1124BE5C110062BB85 /* GameCell.h */ = {isa = PBXFileReference; lastKnownFileType = sourcecode.c.h; path = GameCell.h; sourceTree = "<group>"; };
		E04F9D1224BE5C110062BB85 /* GameCell.m */ = {isa = PBXFileReference; lastKnownFileType = sourcecode.c.objc; path = GameCell.m; sourceTree = "<group>"; };
		E04F9D1524BF57510062BB85 /* User.h */ = {isa = PBXFileReference; lastKnownFileType = sourcecode.c.h; path = User.h; sourceTree = "<group>"; };
		E04F9D1624BF57510062BB85 /* User.m */ = {isa = PBXFileReference; lastKnownFileType = sourcecode.c.objc; path = User.m; sourceTree = "<group>"; };
		E04F9D1824BF57630062BB85 /* Game.h */ = {isa = PBXFileReference; lastKnownFileType = sourcecode.c.h; path = Game.h; sourceTree = "<group>"; };
		E04F9D1924BF57630062BB85 /* Game.m */ = {isa = PBXFileReference; lastKnownFileType = sourcecode.c.objc; path = Game.m; sourceTree = "<group>"; };
		E0516E1324BCDE870096A5E9 /* Nect.app */ = {isa = PBXFileReference; explicitFileType = wrapper.application; includeInIndex = 0; path = Nect.app; sourceTree = BUILT_PRODUCTS_DIR; };
		E0516E1624BCDE870096A5E9 /* AppDelegate.h */ = {isa = PBXFileReference; lastKnownFileType = sourcecode.c.h; path = AppDelegate.h; sourceTree = "<group>"; };
		E0516E1724BCDE870096A5E9 /* AppDelegate.m */ = {isa = PBXFileReference; lastKnownFileType = sourcecode.c.objc; path = AppDelegate.m; sourceTree = "<group>"; };
		E0516E1924BCDE870096A5E9 /* SceneDelegate.h */ = {isa = PBXFileReference; lastKnownFileType = sourcecode.c.h; path = SceneDelegate.h; sourceTree = "<group>"; };
		E0516E1A24BCDE870096A5E9 /* SceneDelegate.m */ = {isa = PBXFileReference; lastKnownFileType = sourcecode.c.objc; path = SceneDelegate.m; sourceTree = "<group>"; };
		E0516E2024BCDE870096A5E9 /* Base */ = {isa = PBXFileReference; lastKnownFileType = file.storyboard; name = Base; path = Base.lproj/Main.storyboard; sourceTree = "<group>"; };
		E0516E2224BCDE880096A5E9 /* Assets.xcassets */ = {isa = PBXFileReference; lastKnownFileType = folder.assetcatalog; path = Assets.xcassets; sourceTree = "<group>"; };
		E0516E2524BCDE880096A5E9 /* Base */ = {isa = PBXFileReference; lastKnownFileType = file.storyboard; name = Base; path = Base.lproj/LaunchScreen.storyboard; sourceTree = "<group>"; };
		E0516E2724BCDE880096A5E9 /* Info.plist */ = {isa = PBXFileReference; lastKnownFileType = text.plist.xml; path = Info.plist; sourceTree = "<group>"; };
		E0516E2824BCDE880096A5E9 /* main.m */ = {isa = PBXFileReference; lastKnownFileType = sourcecode.c.objc; path = main.m; sourceTree = "<group>"; };
		E0516E3124BCF1AD0096A5E9 /* LoginViewController.h */ = {isa = PBXFileReference; lastKnownFileType = sourcecode.c.h; path = LoginViewController.h; sourceTree = "<group>"; };
		E0516E3224BCF1AD0096A5E9 /* LoginViewController.m */ = {isa = PBXFileReference; lastKnownFileType = sourcecode.c.objc; path = LoginViewController.m; sourceTree = "<group>"; };
		E0516E3424BCFDB20096A5E9 /* ProfileViewController.h */ = {isa = PBXFileReference; lastKnownFileType = sourcecode.c.h; path = ProfileViewController.h; sourceTree = "<group>"; };
		E0516E3524BCFDB20096A5E9 /* ProfileViewController.m */ = {isa = PBXFileReference; lastKnownFileType = sourcecode.c.objc; path = ProfileViewController.m; sourceTree = "<group>"; };
		E0516E3724BCFDBF0096A5E9 /* NectViewController.h */ = {isa = PBXFileReference; lastKnownFileType = sourcecode.c.h; path = NectViewController.h; sourceTree = "<group>"; };
		E0516E3824BCFDBF0096A5E9 /* NectViewController.m */ = {isa = PBXFileReference; lastKnownFileType = sourcecode.c.objc; path = NectViewController.m; sourceTree = "<group>"; };
		E0549EB024C0A90A00CF51B6 /* DetailsGameViewController.h */ = {isa = PBXFileReference; lastKnownFileType = sourcecode.c.h; path = DetailsGameViewController.h; sourceTree = "<group>"; };
		E0549EB124C0A90A00CF51B6 /* DetailsGameViewController.m */ = {isa = PBXFileReference; lastKnownFileType = sourcecode.c.objc; path = DetailsGameViewController.m; sourceTree = "<group>"; };
		E099A88B24BD059200F83109 /* EditViewController.h */ = {isa = PBXFileReference; lastKnownFileType = sourcecode.c.h; path = EditViewController.h; sourceTree = "<group>"; };
		E099A88C24BD059200F83109 /* EditViewController.m */ = {isa = PBXFileReference; lastKnownFileType = sourcecode.c.objc; path = EditViewController.m; sourceTree = "<group>"; };
		E0C3928D24C778610030F047 /* FriendsViewController.h */ = {isa = PBXFileReference; lastKnownFileType = sourcecode.c.h; path = FriendsViewController.h; sourceTree = "<group>"; };
		E0C3928E24C778610030F047 /* FriendsViewController.m */ = {isa = PBXFileReference; lastKnownFileType = sourcecode.c.objc; path = FriendsViewController.m; sourceTree = "<group>"; };
		E0C3929024C7788C0030F047 /* FriendCell.h */ = {isa = PBXFileReference; lastKnownFileType = sourcecode.c.h; path = FriendCell.h; sourceTree = "<group>"; };
		E0C3929124C7788C0030F047 /* FriendCell.m */ = {isa = PBXFileReference; lastKnownFileType = sourcecode.c.objc; path = FriendCell.m; sourceTree = "<group>"; };
		E0C3929324CA3D390030F047 /* FilterViewController.h */ = {isa = PBXFileReference; lastKnownFileType = sourcecode.c.h; path = FilterViewController.h; sourceTree = "<group>"; };
		E0C3929424CA3D390030F047 /* FilterViewController.m */ = {isa = PBXFileReference; lastKnownFileType = sourcecode.c.objc; path = FilterViewController.m; sourceTree = "<group>"; };
/* End PBXFileReference section */

/* Begin PBXFrameworksBuildPhase section */
		E0516E1024BCDE870096A5E9 /* Frameworks */ = {
			isa = PBXFrameworksBuildPhase;
			buildActionMask = 2147483647;
			files = (
				D5E030FB7F97C7977FCAA51F /* Pods_Nect.framework in Frameworks */,
			);
			runOnlyForDeploymentPostprocessing = 0;
		};
/* End PBXFrameworksBuildPhase section */

/* Begin PBXGroup section */
		02F73A6B584962DB3329B3F0 /* Frameworks */ = {
			isa = PBXGroup;
			children = (
				E04E2BD024D2013D00936637 /* Applozic.framework */,
				055A775CD3C0279179A17924 /* Pods_Nect.framework */,
			);
			name = Frameworks;
			sourceTree = "<group>";
		};
		491D705BC7A18D49E454D538 /* Pods */ = {
			isa = PBXGroup;
			children = (
				A070F33033446B17EB3AEA93 /* Pods-Nect.debug.xcconfig */,
				A241D3CE207203B32E1BCC71 /* Pods-Nect.release.xcconfig */,
			);
			path = Pods;
			sourceTree = "<group>";
		};
		E000E6F324D32E5000FF197D /* Nect screen */ = {
			isa = PBXGroup;
			children = (
				E0C3929324CA3D390030F047 /* FilterViewController.h */,
				E0C3929424CA3D390030F047 /* FilterViewController.m */,
				E0516E3724BCFDBF0096A5E9 /* NectViewController.h */,
				E0516E3824BCFDBF0096A5E9 /* NectViewController.m */,
				E0C3928D24C778610030F047 /* FriendsViewController.h */,
				E0C3928E24C778610030F047 /* FriendsViewController.m */,
				E021D7FB24C656BC00A5AF0A /* RequestsViewController.h */,
				E021D7FC24C656BC00A5AF0A /* RequestsViewController.m */,
				E021D7F824C60CF900A5AF0A /* UserProfileViewController.h */,
				E021D7F924C60CF900A5AF0A /* UserProfileViewController.m */,
			);
			path = "Nect screen";
			sourceTree = "<group>";
		};
		E000E6F424D32E7A00FF197D /* Login Screen */ = {
			isa = PBXGroup;
			children = (
				E0516E3124BCF1AD0096A5E9 /* LoginViewController.h */,
				E0516E3224BCF1AD0096A5E9 /* LoginViewController.m */,
			);
			path = "Login Screen";
			sourceTree = "<group>";
		};
		E000E6F524D32E8D00FF197D /* User Profile Screen */ = {
			isa = PBXGroup;
			children = (
				E0516E3424BCFDB20096A5E9 /* ProfileViewController.h */,
				E0516E3524BCFDB20096A5E9 /* ProfileViewController.m */,
				E099A88B24BD059200F83109 /* EditViewController.h */,
				E099A88C24BD059200F83109 /* EditViewController.m */,
				E04F9D0C24BE55DE0062BB85 /* SearchGamesViewController.h */,
				E04F9D0D24BE55DE0062BB85 /* SearchGamesViewController.m */,
				E0549EB024C0A90A00CF51B6 /* DetailsGameViewController.h */,
				E0549EB124C0A90A00CF51B6 /* DetailsGameViewController.m */,
			);
			path = "User Profile Screen";
			sourceTree = "<group>";
		};
		E000E6F624D32EC000FF197D /* Chatting */ = {
			isa = PBXGroup;
			children = (
				E000E6F024D32E4A00FF197D /* ChatViewController.h */,
				E000E6F124D32E4A00FF197D /* ChatViewController.m */,
				E000E6F724D32EFC00FF197D /* CreateChatViewController.h */,
				E000E6F824D32EFC00FF197D /* CreateChatViewController.m */,
				E000E70224D3423100FF197D /* DetailedChatViewController.h */,
				E000E70324D3423100FF197D /* DetailedChatViewController.m */,
			);
			path = Chatting;
			sourceTree = "<group>";
		};
		E000E6FB24D3389500FF197D /* Chat */ = {
			isa = PBXGroup;
			children = (
				E000E6FC24D338B800FF197D /* ChatCell.h */,
				E000E6FD24D338B800FF197D /* ChatCell.m */,
				E000E6FF24D338C800FF197D /* StartChatCell.h */,
				E000E70024D338C800FF197D /* StartChatCell.m */,
				E000E70524D348D500FF197D /* MessageCell.h */,
				E000E70624D348D500FF197D /* MessageCell.m */,
			);
			path = Chat;
			sourceTree = "<group>";
		};
		E04F9D1024BE5BE20062BB85 /* Views */ = {
			isa = PBXGroup;
			children = (
				E000E6FB24D3389500FF197D /* Chat */,
				E04F9D1124BE5C110062BB85 /* GameCell.h */,
				E04F9D1224BE5C110062BB85 /* GameCell.m */,
				E02A58FA24C10CFD00A28D2A /* ProfileGameCell.h */,
				E02A58FB24C10CFD00A28D2A /* ProfileGameCell.m */,
				E021D7FE24C6570D00A5AF0A /* RequestCell.h */,
				E021D7FF24C6570D00A5AF0A /* RequestCell.m */,
				E0C3929024C7788C0030F047 /* FriendCell.h */,
				E0C3929124C7788C0030F047 /* FriendCell.m */,
			);
			path = Views;
			sourceTree = "<group>";
		};
		E04F9D1424BF572A0062BB85 /* Objects */ = {
			isa = PBXGroup;
			children = (
				E04F9D1524BF57510062BB85 /* User.h */,
				E04F9D1624BF57510062BB85 /* User.m */,
				E04F9D1824BF57630062BB85 /* Game.h */,
				E04F9D1924BF57630062BB85 /* Game.m */,
				E000E70B24D3773000FF197D /* Message.h */,
				E000E70C24D3773000FF197D /* Message.m */,
			);
			path = Objects;
			sourceTree = "<group>";
		};
		E0516E0A24BCDE870096A5E9 = {
			isa = PBXGroup;
			children = (
				E0516E1524BCDE870096A5E9 /* Nect */,
				E0516E1424BCDE870096A5E9 /* Products */,
				491D705BC7A18D49E454D538 /* Pods */,
				02F73A6B584962DB3329B3F0 /* Frameworks */,
			);
			sourceTree = "<group>";
		};
		E0516E1424BCDE870096A5E9 /* Products */ = {
			isa = PBXGroup;
			children = (
				E0516E1324BCDE870096A5E9 /* Nect.app */,
			);
			name = Products;
			sourceTree = "<group>";
		};
		E0516E1524BCDE870096A5E9 /* Nect */ = {
			isa = PBXGroup;
			children = (
				E04F9D1424BF572A0062BB85 /* Objects */,
				E04F9D1024BE5BE20062BB85 /* Views */,
				E0516E3024BCF19E0096A5E9 /* View Controllers */,
				E0516E2F24BCF1720096A5E9 /* Delegates */,
				E0516E1F24BCDE870096A5E9 /* Main.storyboard */,
				E0516E2224BCDE880096A5E9 /* Assets.xcassets */,
				E0516E2424BCDE880096A5E9 /* LaunchScreen.storyboard */,
				E0516E2724BCDE880096A5E9 /* Info.plist */,
				E0516E2824BCDE880096A5E9 /* main.m */,
				E000E70F24D4C65200FF197D /* Workaround.swift */,
				E000E70E24D4C65200FF197D /* Nect-Bridging-Header.h */,
				E000E71124D4D78E00FF197D /* UIImage+animatedGIF.h */,
				E000E71224D4D78E00FF197D /* UIImage+animatedGIF.m */,
			);
			path = Nect;
			sourceTree = "<group>";
		};
		E0516E2F24BCF1720096A5E9 /* Delegates */ = {
			isa = PBXGroup;
			children = (
				E0516E1624BCDE870096A5E9 /* AppDelegate.h */,
				E0516E1724BCDE870096A5E9 /* AppDelegate.m */,
				E0516E1924BCDE870096A5E9 /* SceneDelegate.h */,
				E0516E1A24BCDE870096A5E9 /* SceneDelegate.m */,
			);
			path = Delegates;
			sourceTree = "<group>";
		};
		E0516E3024BCF19E0096A5E9 /* View Controllers */ = {
			isa = PBXGroup;
			children = (
				E000E6F424D32E7A00FF197D /* Login Screen */,
				E000E6F624D32EC000FF197D /* Chatting */,
				E000E6F324D32E5000FF197D /* Nect screen */,
				E000E6F524D32E8D00FF197D /* User Profile Screen */,
			);
			path = "View Controllers";
			sourceTree = "<group>";
		};
/* End PBXGroup section */

/* Begin PBXNativeTarget section */
		E0516E1224BCDE870096A5E9 /* Nect */ = {
			isa = PBXNativeTarget;
			buildConfigurationList = E0516E2C24BCDE880096A5E9 /* Build configuration list for PBXNativeTarget "Nect" */;
			buildPhases = (
				7DB0E60FB6B74F17798C4F4B /* [CP] Check Pods Manifest.lock */,
				E0516E0F24BCDE870096A5E9 /* Sources */,
				E0516E1024BCDE870096A5E9 /* Frameworks */,
				E0516E1124BCDE870096A5E9 /* Resources */,
				76097D9952D91F059A5E20ED /* [CP] Embed Pods Frameworks */,
			);
			buildRules = (
			);
			dependencies = (
			);
			name = Nect;
			productName = Nect;
			productReference = E0516E1324BCDE870096A5E9 /* Nect.app */;
			productType = "com.apple.product-type.application";
		};
/* End PBXNativeTarget section */

/* Begin PBXProject section */
		E0516E0B24BCDE870096A5E9 /* Project object */ = {
			isa = PBXProject;
			attributes = {
				LastUpgradeCheck = 1150;
				ORGANIZATIONNAME = "Alyssa Tan";
				TargetAttributes = {
					E0516E1224BCDE870096A5E9 = {
						CreatedOnToolsVersion = 11.5;
						LastSwiftMigration = 1160;
					};
				};
			};
			buildConfigurationList = E0516E0E24BCDE870096A5E9 /* Build configuration list for PBXProject "Nect" */;
			compatibilityVersion = "Xcode 9.3";
			developmentRegion = en;
			hasScannedForEncodings = 0;
			knownRegions = (
				en,
				Base,
			);
			mainGroup = E0516E0A24BCDE870096A5E9;
			productRefGroup = E0516E1424BCDE870096A5E9 /* Products */;
			projectDirPath = "";
			projectRoot = "";
			targets = (
				E0516E1224BCDE870096A5E9 /* Nect */,
			);
		};
/* End PBXProject section */

/* Begin PBXResourcesBuildPhase section */
		E0516E1124BCDE870096A5E9 /* Resources */ = {
			isa = PBXResourcesBuildPhase;
			buildActionMask = 2147483647;
			files = (
				E0516E2624BCDE880096A5E9 /* LaunchScreen.storyboard in Resources */,
				E0516E2324BCDE880096A5E9 /* Assets.xcassets in Resources */,
				E0516E2124BCDE870096A5E9 /* Main.storyboard in Resources */,
			);
			runOnlyForDeploymentPostprocessing = 0;
		};
/* End PBXResourcesBuildPhase section */

/* Begin PBXShellScriptBuildPhase section */
		76097D9952D91F059A5E20ED /* [CP] Embed Pods Frameworks */ = {
			isa = PBXShellScriptBuildPhase;
			buildActionMask = 2147483647;
			files = (
			);
			inputFileListPaths = (
				"${PODS_ROOT}/Target Support Files/Pods-Nect/Pods-Nect-frameworks-${CONFIGURATION}-input-files.xcfilelist",
			);
			name = "[CP] Embed Pods Frameworks";
			outputFileListPaths = (
				"${PODS_ROOT}/Target Support Files/Pods-Nect/Pods-Nect-frameworks-${CONFIGURATION}-output-files.xcfilelist",
			);
			runOnlyForDeploymentPostprocessing = 0;
			shellPath = /bin/sh;
			shellScript = "\"${PODS_ROOT}/Target Support Files/Pods-Nect/Pods-Nect-frameworks.sh\"\n";
			showEnvVarsInLog = 0;
		};
		7DB0E60FB6B74F17798C4F4B /* [CP] Check Pods Manifest.lock */ = {
			isa = PBXShellScriptBuildPhase;
			buildActionMask = 2147483647;
			files = (
			);
			inputFileListPaths = (
			);
			inputPaths = (
				"${PODS_PODFILE_DIR_PATH}/Podfile.lock",
				"${PODS_ROOT}/Manifest.lock",
			);
			name = "[CP] Check Pods Manifest.lock";
			outputFileListPaths = (
			);
			outputPaths = (
				"$(DERIVED_FILE_DIR)/Pods-Nect-checkManifestLockResult.txt",
			);
			runOnlyForDeploymentPostprocessing = 0;
			shellPath = /bin/sh;
			shellScript = "diff \"${PODS_PODFILE_DIR_PATH}/Podfile.lock\" \"${PODS_ROOT}/Manifest.lock\" > /dev/null\nif [ $? != 0 ] ; then\n    # print error to STDERR\n    echo \"error: The sandbox is not in sync with the Podfile.lock. Run 'pod install' or update your CocoaPods installation.\" >&2\n    exit 1\nfi\n# This output is used by Xcode 'outputs' to avoid re-running this script phase.\necho \"SUCCESS\" > \"${SCRIPT_OUTPUT_FILE_0}\"\n";
			showEnvVarsInLog = 0;
		};
/* End PBXShellScriptBuildPhase section */

/* Begin PBXSourcesBuildPhase section */
		E0516E0F24BCDE870096A5E9 /* Sources */ = {
			isa = PBXSourcesBuildPhase;
			buildActionMask = 2147483647;
			files = (
				E04F9D1724BF57510062BB85 /* User.m in Sources */,
				E021D80024C6570D00A5AF0A /* RequestCell.m in Sources */,
				E000E6F224D32E4A00FF197D /* ChatViewController.m in Sources */,
				E04F9D1A24BF57630062BB85 /* Game.m in Sources */,
				E04F9D1324BE5C110062BB85 /* GameCell.m in Sources */,
				E000E6FE24D338B800FF197D /* ChatCell.m in Sources */,
				E04F9D0E24BE55DE0062BB85 /* SearchGamesViewController.m in Sources */,
				E0516E3324BCF1AD0096A5E9 /* LoginViewController.m in Sources */,
				E021D7FD24C656BC00A5AF0A /* RequestsViewController.m in Sources */,
				E0516E1824BCDE870096A5E9 /* AppDelegate.m in Sources */,
				E000E70724D348D500FF197D /* MessageCell.m in Sources */,
				E000E70D24D3773000FF197D /* Message.m in Sources */,
				E000E70424D3423100FF197D /* DetailedChatViewController.m in Sources */,
				E000E71324D4D78E00FF197D /* UIImage+animatedGIF.m in Sources */,
				E0516E3924BCFDBF0096A5E9 /* NectViewController.m in Sources */,
				E000E70124D338C800FF197D /* StartChatCell.m in Sources */,
				E0C3929224C7788C0030F047 /* FriendCell.m in Sources */,
				E000E6F924D32EFC00FF197D /* CreateChatViewController.m in Sources */,
				E099A88D24BD059200F83109 /* EditViewController.m in Sources */,
				E0C3929524CA3D390030F047 /* FilterViewController.m in Sources */,
				E0C3928F24C778610030F047 /* FriendsViewController.m in Sources */,
				E0516E2924BCDE880096A5E9 /* main.m in Sources */,
				E0549EB224C0A90A00CF51B6 /* DetailsGameViewController.m in Sources */,
				E02A58FC24C10CFD00A28D2A /* ProfileGameCell.m in Sources */,
				E0516E1B24BCDE870096A5E9 /* SceneDelegate.m in Sources */,
				E000E71024D4C65200FF197D /* Workaround.swift in Sources */,
				E0516E3624BCFDB20096A5E9 /* ProfileViewController.m in Sources */,
				E021D7FA24C60CF900A5AF0A /* UserProfileViewController.m in Sources */,
			);
			runOnlyForDeploymentPostprocessing = 0;
		};
/* End PBXSourcesBuildPhase section */

/* Begin PBXVariantGroup section */
		E0516E1F24BCDE870096A5E9 /* Main.storyboard */ = {
			isa = PBXVariantGroup;
			children = (
				E0516E2024BCDE870096A5E9 /* Base */,
			);
			name = Main.storyboard;
			sourceTree = "<group>";
		};
		E0516E2424BCDE880096A5E9 /* LaunchScreen.storyboard */ = {
			isa = PBXVariantGroup;
			children = (
				E0516E2524BCDE880096A5E9 /* Base */,
			);
			name = LaunchScreen.storyboard;
			sourceTree = "<group>";
		};
/* End PBXVariantGroup section */

/* Begin XCBuildConfiguration section */
		E0516E2A24BCDE880096A5E9 /* Debug */ = {
			isa = XCBuildConfiguration;
			buildSettings = {
				ALWAYS_SEARCH_USER_PATHS = NO;
				CLANG_ANALYZER_NONNULL = YES;
				CLANG_ANALYZER_NUMBER_OBJECT_CONVERSION = YES_AGGRESSIVE;
				CLANG_CXX_LANGUAGE_STANDARD = "gnu++14";
				CLANG_CXX_LIBRARY = "libc++";
				CLANG_ENABLE_MODULES = YES;
				CLANG_ENABLE_OBJC_ARC = YES;
				CLANG_ENABLE_OBJC_WEAK = YES;
				CLANG_WARN_BLOCK_CAPTURE_AUTORELEASING = YES;
				CLANG_WARN_BOOL_CONVERSION = YES;
				CLANG_WARN_COMMA = YES;
				CLANG_WARN_CONSTANT_CONVERSION = YES;
				CLANG_WARN_DEPRECATED_OBJC_IMPLEMENTATIONS = YES;
				CLANG_WARN_DIRECT_OBJC_ISA_USAGE = YES_ERROR;
				CLANG_WARN_DOCUMENTATION_COMMENTS = YES;
				CLANG_WARN_EMPTY_BODY = YES;
				CLANG_WARN_ENUM_CONVERSION = YES;
				CLANG_WARN_INFINITE_RECURSION = YES;
				CLANG_WARN_INT_CONVERSION = YES;
				CLANG_WARN_NON_LITERAL_NULL_CONVERSION = YES;
				CLANG_WARN_OBJC_IMPLICIT_RETAIN_SELF = YES;
				CLANG_WARN_OBJC_LITERAL_CONVERSION = YES;
				CLANG_WARN_OBJC_ROOT_CLASS = YES_ERROR;
				CLANG_WARN_RANGE_LOOP_ANALYSIS = YES;
				CLANG_WARN_STRICT_PROTOTYPES = YES;
				CLANG_WARN_SUSPICIOUS_MOVE = YES;
				CLANG_WARN_UNGUARDED_AVAILABILITY = YES_AGGRESSIVE;
				CLANG_WARN_UNREACHABLE_CODE = YES;
				CLANG_WARN__DUPLICATE_METHOD_MATCH = YES;
				COPY_PHASE_STRIP = NO;
				DEBUG_INFORMATION_FORMAT = dwarf;
				ENABLE_STRICT_OBJC_MSGSEND = YES;
				ENABLE_TESTABILITY = YES;
				GCC_C_LANGUAGE_STANDARD = gnu11;
				GCC_DYNAMIC_NO_PIC = NO;
				GCC_NO_COMMON_BLOCKS = YES;
				GCC_OPTIMIZATION_LEVEL = 0;
				GCC_PREPROCESSOR_DEFINITIONS = (
					"DEBUG=1",
					"$(inherited)",
				);
				GCC_WARN_64_TO_32_BIT_CONVERSION = YES;
				GCC_WARN_ABOUT_RETURN_TYPE = YES_ERROR;
				GCC_WARN_UNDECLARED_SELECTOR = YES;
				GCC_WARN_UNINITIALIZED_AUTOS = YES_AGGRESSIVE;
				GCC_WARN_UNUSED_FUNCTION = YES;
				GCC_WARN_UNUSED_VARIABLE = YES;
				IPHONEOS_DEPLOYMENT_TARGET = 13.5;
				MTL_ENABLE_DEBUG_INFO = INCLUDE_SOURCE;
				MTL_FAST_MATH = YES;
				ONLY_ACTIVE_ARCH = YES;
				SDKROOT = iphoneos;
			};
			name = Debug;
		};
		E0516E2B24BCDE880096A5E9 /* Release */ = {
			isa = XCBuildConfiguration;
			buildSettings = {
				ALWAYS_SEARCH_USER_PATHS = NO;
				CLANG_ANALYZER_NONNULL = YES;
				CLANG_ANALYZER_NUMBER_OBJECT_CONVERSION = YES_AGGRESSIVE;
				CLANG_CXX_LANGUAGE_STANDARD = "gnu++14";
				CLANG_CXX_LIBRARY = "libc++";
				CLANG_ENABLE_MODULES = YES;
				CLANG_ENABLE_OBJC_ARC = YES;
				CLANG_ENABLE_OBJC_WEAK = YES;
				CLANG_WARN_BLOCK_CAPTURE_AUTORELEASING = YES;
				CLANG_WARN_BOOL_CONVERSION = YES;
				CLANG_WARN_COMMA = YES;
				CLANG_WARN_CONSTANT_CONVERSION = YES;
				CLANG_WARN_DEPRECATED_OBJC_IMPLEMENTATIONS = YES;
				CLANG_WARN_DIRECT_OBJC_ISA_USAGE = YES_ERROR;
				CLANG_WARN_DOCUMENTATION_COMMENTS = YES;
				CLANG_WARN_EMPTY_BODY = YES;
				CLANG_WARN_ENUM_CONVERSION = YES;
				CLANG_WARN_INFINITE_RECURSION = YES;
				CLANG_WARN_INT_CONVERSION = YES;
				CLANG_WARN_NON_LITERAL_NULL_CONVERSION = YES;
				CLANG_WARN_OBJC_IMPLICIT_RETAIN_SELF = YES;
				CLANG_WARN_OBJC_LITERAL_CONVERSION = YES;
				CLANG_WARN_OBJC_ROOT_CLASS = YES_ERROR;
				CLANG_WARN_RANGE_LOOP_ANALYSIS = YES;
				CLANG_WARN_STRICT_PROTOTYPES = YES;
				CLANG_WARN_SUSPICIOUS_MOVE = YES;
				CLANG_WARN_UNGUARDED_AVAILABILITY = YES_AGGRESSIVE;
				CLANG_WARN_UNREACHABLE_CODE = YES;
				CLANG_WARN__DUPLICATE_METHOD_MATCH = YES;
				COPY_PHASE_STRIP = NO;
				DEBUG_INFORMATION_FORMAT = "dwarf-with-dsym";
				ENABLE_NS_ASSERTIONS = NO;
				ENABLE_STRICT_OBJC_MSGSEND = YES;
				GCC_C_LANGUAGE_STANDARD = gnu11;
				GCC_NO_COMMON_BLOCKS = YES;
				GCC_WARN_64_TO_32_BIT_CONVERSION = YES;
				GCC_WARN_ABOUT_RETURN_TYPE = YES_ERROR;
				GCC_WARN_UNDECLARED_SELECTOR = YES;
				GCC_WARN_UNINITIALIZED_AUTOS = YES_AGGRESSIVE;
				GCC_WARN_UNUSED_FUNCTION = YES;
				GCC_WARN_UNUSED_VARIABLE = YES;
				IPHONEOS_DEPLOYMENT_TARGET = 13.5;
				MTL_ENABLE_DEBUG_INFO = NO;
				MTL_FAST_MATH = YES;
				SDKROOT = iphoneos;
				VALIDATE_PRODUCT = YES;
			};
			name = Release;
		};
		E0516E2D24BCDE880096A5E9 /* Debug */ = {
			isa = XCBuildConfiguration;
			baseConfigurationReference = A070F33033446B17EB3AEA93 /* Pods-Nect.debug.xcconfig */;
			buildSettings = {
				ASSETCATALOG_COMPILER_APPICON_NAME = AppIcon;
				CLANG_ENABLE_MODULES = YES;
				CODE_SIGN_STYLE = Automatic;
				DEVELOPMENT_TEAM = 9A2FLFB8JK;
				INFOPLIST_FILE = Nect/Info.plist;
				LD_RUNPATH_SEARCH_PATHS = (
					"$(inherited)",
					"@executable_path/Frameworks",
				);
				PRODUCT_BUNDLE_IDENTIFIER = alyssatan.Nect;
				PRODUCT_NAME = "$(TARGET_NAME)";
				SWIFT_OBJC_BRIDGING_HEADER = "Nect/Nect-Bridging-Header.h";
				SWIFT_OPTIMIZATION_LEVEL = "-Onone";
				SWIFT_VERSION = 5.0;
				TARGETED_DEVICE_FAMILY = "1,2";
			};
			name = Debug;
		};
		E0516E2E24BCDE880096A5E9 /* Release */ = {
			isa = XCBuildConfiguration;
			baseConfigurationReference = A241D3CE207203B32E1BCC71 /* Pods-Nect.release.xcconfig */;
			buildSettings = {
				ASSETCATALOG_COMPILER_APPICON_NAME = AppIcon;
				CLANG_ENABLE_MODULES = YES;
				CODE_SIGN_STYLE = Automatic;
				DEVELOPMENT_TEAM = 9A2FLFB8JK;
				INFOPLIST_FILE = Nect/Info.plist;
				LD_RUNPATH_SEARCH_PATHS = (
					"$(inherited)",
					"@executable_path/Frameworks",
				);
				PRODUCT_BUNDLE_IDENTIFIER = alyssatan.Nect;
				PRODUCT_NAME = "$(TARGET_NAME)";
				SWIFT_OBJC_BRIDGING_HEADER = "Nect/Nect-Bridging-Header.h";
				SWIFT_VERSION = 5.0;
				TARGETED_DEVICE_FAMILY = "1,2";
			};
			name = Release;
		};
/* End XCBuildConfiguration section */

/* Begin XCConfigurationList section */
		E0516E0E24BCDE870096A5E9 /* Build configuration list for PBXProject "Nect" */ = {
			isa = XCConfigurationList;
			buildConfigurations = (
				E0516E2A24BCDE880096A5E9 /* Debug */,
				E0516E2B24BCDE880096A5E9 /* Release */,
			);
			defaultConfigurationIsVisible = 0;
			defaultConfigurationName = Release;
		};
		E0516E2C24BCDE880096A5E9 /* Build configuration list for PBXNativeTarget "Nect" */ = {
			isa = XCConfigurationList;
			buildConfigurations = (
				E0516E2D24BCDE880096A5E9 /* Debug */,
				E0516E2E24BCDE880096A5E9 /* Release */,
			);
			defaultConfigurationIsVisible = 0;
			defaultConfigurationName = Release;
		};
/* End XCConfigurationList section */
	};
	rootObject = E0516E0B24BCDE870096A5E9 /* Project object */;
}
