PODS:
  - AFNetworking (3.2.1):
    - AFNetworking/NSURLSession (= 3.2.1)
    - AFNetworking/Reachability (= 3.2.1)
    - AFNetworking/Security (= 3.2.1)
    - AFNetworking/Serialization (= 3.2.1)
    - AFNetworking/UIKit (= 3.2.1)
  - AFNetworking/NSURLSession (3.2.1):
    - AFNetworking/Reachability
    - AFNetworking/Security
    - AFNetworking/Serialization
  - AFNetworking/Reachability (3.2.1)
  - AFNetworking/Security (3.2.1)
  - AFNetworking/Serialization (3.2.1)
  - AFNetworking/UIKit (3.2.1):
    - AFNetworking/NSURLSession
  - Bolts/Tasks (1.9.1)
  - DateTools (2.0.0)
  - DeepDiff (2.3.1)
  - Giphy (1.3.0):
    - DeepDiff
    - libwebp
    - PINCache
  - libwebp (1.1.0):
    - libwebp/demux (= 1.1.0)
    - libwebp/mux (= 1.1.0)
    - libwebp/webp (= 1.1.0)
  - libwebp/demux (1.1.0):
    - libwebp/webp
  - libwebp/mux (1.1.0):
    - libwebp/demux
  - libwebp/webp (1.1.0)
  - MBProgressHUD (1.2.0)
  - Parse (1.18.0):
    - Parse/Core (= 1.18.0)
  - Parse/Core (1.18.0):
    - Bolts/Tasks (= 1.9.1)
  - Parse/UI (1.18.0):
    - Parse/Core
  - PINCache (2.3)
  - Unirest (1.1.4)

DEPENDENCIES:
  - AFNetworking
  - DateTools
  - Giphy
  - MBProgressHUD
  - Parse
  - Parse/UI
  - Unirest (~> 1.1.4)

SPEC REPOS:
  trunk:
    - AFNetworking
    - Bolts
    - DateTools
    - DeepDiff
    - Giphy
    - libwebp
    - MBProgressHUD
    - Parse
    - PINCache
    - Unirest

SPEC CHECKSUMS:
  AFNetworking: b6f891fdfaed196b46c7a83cf209e09697b94057
  Bolts: 8c1e8aab2f603387b8b9924f57d1d64f43d3ffdc
  DateTools: 933ac9c490f21f92127cf690ccd8c397e0126caf
  DeepDiff: e5ae6c50d0321568e4508cec5930b9f10bb293fc
  Giphy: 7296cc64929aabf325655ac1472e1ec96b665ed4
  libwebp: 946cb3063cea9236285f7e9a8505d806d30e07f3
  MBProgressHUD: 3ee5efcc380f6a79a7cc9b363dd669c5e1ae7406
  Parse: 79bdda34fdb7eb2a707a43a951c8aae236cb3e34
  PINCache: ce36ed282031b92fc7733ffe831f474ff80fddc2
  Unirest: 5e4d93eaf32463bf619a4ecd3bbc8c32acf21eac

PODFILE CHECKSUM: 18832119d167ee5f11a5841898c4853e4b80157e

COCOAPODS: 1.9.3
